
Microsoft Visual Studio Solution File, Format Version 12.00
# Visual Studio Version 16
VisualStudioVersion = 16.0.30320.27
MinimumVisualStudioVersion = 10.0.40219.1
Project("{FAE04EC0-301F-11D3-BF4B-00C04F79EFBC}") = "EagleXXX", "EagleXXX.csproj", "{B76A1EEC-519E-43C7-B86E-718B5C1DE42F}"
EndProject
Global
	GlobalSection(SolutionConfigurationPlatforms) = preSolution
		Debug|Any CPU = Debug|Any CPU
		Release|Any CPU = Release|Any CPU
	EndGlobalSection
	GlobalSection(ProjectConfigurationPlatforms) = postSolution
		{B76A1EEC-519E-43C7-B86E-718B5C1DE42F}.Debug|Any CPU.ActiveCfg = Debug|Any CPU
		{B76A1EEC-519E-43C7-B86E-718B5C1DE42F}.Debug|Any CPU.Build.0 = Debug|Any CPU
		{B76A1EEC-519E-43C7-B86E-718B5C1DE42F}.Release|Any CPU.ActiveCfg = Release|Any CPU
		{B76A1EEC-519E-43C7-B86E-718B5C1DE42F}.Release|Any CPU.Build.0 = Release|Any CPU
	EndGlobalSection
	GlobalSection(SolutionProperties) = preSolution
		HideSolutionNode = FALSE
	EndGlobalSection
	GlobalSection(ExtensibilityGlobals) = postSolution
		SolutionGuid = {2DE47E86-E9F9-46D7-87A3-C68FB489399F}
	EndGlobalSection
EndGlobal
